{
  "name": "mcbe-essentials",
  "lockfileVersion": 3,
  "requires": true,
  "packages": {
    "": {
      "devDependencies": {
        "bridge-iframe-api": "^0.4.11"
      }
    },
    "node_modules/bridge-iframe-api": {
      "version": "0.4.11",
      "resolved": "https://registry.npmjs.org/bridge-iframe-api/-/bridge-iframe-api-0.4.11.tgz",
      "integrity": "sha512-+gt/4+KkEhtg9vvWI99empq8jOukIAe9nUH9CVdFTXYj4ZLxIqjfBi0XdxyAFKWIapmQDCQA17Wx5d8bBuG4rw==",
      "dev": true
    }
  }
}
